
Microsoft Visual Studio Solution File, Format Version 12.00
# Visual Studio Version 17
VisualStudioVersion = 17.0.31612.314
MinimumVisualStudioVersion = 10.0.40219.1
Project("{FAE04EC0-301F-11D3-BF4B-00C04F79EFBC}") = "testTask", "testTask\testTask.csproj", "{F11065E0-15AB-40A0-BBE2-1C3AD722B200}"
EndProject
Global
	GlobalSection(SolutionConfigurationPlatforms) = preSolution
		Debug|Any CPU = Debug|Any CPU
		Release|Any CPU = Release|Any CPU
	EndGlobalSection
	GlobalSection(ProjectConfigurationPlatforms) = postSolution
		{F11065E0-15AB-40A0-BBE2-1C3AD722B200}.Debug|Any CPU.ActiveCfg = Debug|Any CPU
		{F11065E0-15AB-40A0-BBE2-1C3AD722B200}.Debug|Any CPU.Build.0 = Debug|Any CPU
		{F11065E0-15AB-40A0-BBE2-1C3AD722B200}.Release|Any CPU.ActiveCfg = Release|Any CPU
		{F11065E0-15AB-40A0-BBE2-1C3AD722B200}.Release|Any CPU.Build.0 = Release|Any CPU
	EndGlobalSection
	GlobalSection(SolutionProperties) = preSolution
		HideSolutionNode = FALSE
	EndGlobalSection
	GlobalSection(ExtensibilityGlobals) = postSolution
		SolutionGuid = {C78B8932-7246-4ECB-A847-3541EA45EBD4}
	EndGlobalSection
EndGlobal
